
Microsoft Visual Studio Solution File, Format Version 12.00
# Visual Studio Version 17
VisualStudioVersion = 17.6.33723.286
MinimumVisualStudioVersion = 10.0.40219.1
Project("{FAE04EC0-301F-11D3-BF4B-00C04F79EFBC}") = "ObsWepApp", "ObsWepApp\ObsWepApp.csproj", "{08664A26-4CDD-41B7-8C1F-FEAB181D792D}"
EndProject
Global
	GlobalSection(SolutionConfigurationPlatforms) = preSolution
		Debug|Any CPU = Debug|Any CPU
		Release|Any CPU = Release|Any CPU
	EndGlobalSection
	GlobalSection(ProjectConfigurationPlatforms) = postSolution
		{08664A26-4CDD-41B7-8C1F-FEAB181D792D}.Debug|Any CPU.ActiveCfg = Debug|Any CPU
		{08664A26-4CDD-41B7-8C1F-FEAB181D792D}.Debug|Any CPU.Build.0 = Debug|Any CPU
		{08664A26-4CDD-41B7-8C1F-FEAB181D792D}.Release|Any CPU.ActiveCfg = Release|Any CPU
		{08664A26-4CDD-41B7-8C1F-FEAB181D792D}.Release|Any CPU.Build.0 = Release|Any CPU
	EndGlobalSection
	GlobalSection(SolutionProperties) = preSolution
		HideSolutionNode = FALSE
	EndGlobalSection
	GlobalSection(ExtensibilityGlobals) = postSolution
		SolutionGuid = {8AD38135-41A8-4420-A3D0-F74140ABA2C3}
	EndGlobalSection
EndGlobal
